// !$*UTF8*$!
{
	archiveVersion = 1;
	classes = {
	};
	objectVersion = 51;
	objects = {

/* Begin PBXBuildFile section */
		C6CE47D6EE3F54C7F690C331 /* Pods_Anytime_Weather.framework in Frameworks */ = {isa = PBXBuildFile; fileRef = 5AE0276FA12784436BD3011D /* Pods_Anytime_Weather.framework */; };
		D925B05B261AE6DD00205E0D /* Anytime_WeatherApp.swift in Sources */ = {isa = PBXBuildFile; fileRef = D925B05A261AE6DD00205E0D /* Anytime_WeatherApp.swift */; };
		D925B05D261AE6DD00205E0D /* ContentView.swift in Sources */ = {isa = PBXBuildFile; fileRef = D925B05C261AE6DD00205E0D /* ContentView.swift */; };
		D925B05F261AE6E200205E0D /* Assets.xcassets in Resources */ = {isa = PBXBuildFile; fileRef = D925B05E261AE6E200205E0D /* Assets.xcassets */; };
		D925B062261AE6E200205E0D /* Preview Assets.xcassets in Resources */ = {isa = PBXBuildFile; fileRef = D925B061261AE6E200205E0D /* Preview Assets.xcassets */; };
		D925B06D261AEFCE00205E0D /* WeatherDetailView.swift in Sources */ = {isa = PBXBuildFile; fileRef = D925B06C261AEFCE00205E0D /* WeatherDetailView.swift */; };
		D925B093261B100F00205E0D /* Color.swift in Sources */ = {isa = PBXBuildFile; fileRef = D925B092261B100F00205E0D /* Color.swift */; };
		D925B09A261B41FE00205E0D /* WeatherDetailViewModel.swift in Sources */ = {isa = PBXBuildFile; fileRef = D925B099261B41FE00205E0D /* WeatherDetailViewModel.swift */; };
		D925B0A3261B452C00205E0D /* WeatherService.swift in Sources */ = {isa = PBXBuildFile; fileRef = D925B0A2261B452C00205E0D /* WeatherService.swift */; };
/* End PBXBuildFile section */

/* Begin PBXFileReference section */
		50119A3A4470A1E94D749066 /* Pods-Anytime Weather.debug.xcconfig */ = {isa = PBXFileReference; includeInIndex = 1; lastKnownFileType = text.xcconfig; name = "Pods-Anytime Weather.debug.xcconfig"; path = "Target Support Files/Pods-Anytime Weather/Pods-Anytime Weather.debug.xcconfig"; sourceTree = "<group>"; };
		5AE0276FA12784436BD3011D /* Pods_Anytime_Weather.framework */ = {isa = PBXFileReference; explicitFileType = wrapper.framework; includeInIndex = 0; path = Pods_Anytime_Weather.framework; sourceTree = BUILT_PRODUCTS_DIR; };
		A653CE187F2B5113F064E2A9 /* Pods-Anytime Weather.release.xcconfig */ = {isa = PBXFileReference; includeInIndex = 1; lastKnownFileType = text.xcconfig; name = "Pods-Anytime Weather.release.xcconfig"; path = "Target Support Files/Pods-Anytime Weather/Pods-Anytime Weather.release.xcconfig"; sourceTree = "<group>"; };
		D925B057261AE6DD00205E0D /* Anytime Weather.app */ = {isa = PBXFileReference; explicitFileType = wrapper.application; includeInIndex = 0; path = "Anytime Weather.app"; sourceTree = BUILT_PRODUCTS_DIR; };
		D925B05A261AE6DD00205E0D /* Anytime_WeatherApp.swift */ = {isa = PBXFileReference; lastKnownFileType = sourcecode.swift; path = Anytime_WeatherApp.swift; sourceTree = "<group>"; };
		D925B05C261AE6DD00205E0D /* ContentView.swift */ = {isa = PBXFileReference; lastKnownFileType = sourcecode.swift; path = ContentView.swift; sourceTree = "<group>"; };
		D925B05E261AE6E200205E0D /* Assets.xcassets */ = {isa = PBXFileReference; lastKnownFileType = folder.assetcatalog; path = Assets.xcassets; sourceTree = "<group>"; };
		D925B061261AE6E200205E0D /* Preview Assets.xcassets */ = {isa = PBXFileReference; lastKnownFileType = folder.assetcatalog; path = "Preview Assets.xcassets"; sourceTree = "<group>"; };
		D925B063261AE6E200205E0D /* Info.plist */ = {isa = PBXFileReference; lastKnownFileType = text.plist.xml; path = Info.plist; sourceTree = "<group>"; };
		D925B06C261AEFCE00205E0D /* WeatherDetailView.swift */ = {isa = PBXFileReference; lastKnownFileType = sourcecode.swift; path = WeatherDetailView.swift; sourceTree = "<group>"; };
		D925B092261B100F00205E0D /* Color.swift */ = {isa = PBXFileReference; lastKnownFileType = sourcecode.swift; path = Color.swift; sourceTree = "<group>"; };
		D925B099261B41FE00205E0D /* WeatherDetailViewModel.swift */ = {isa = PBXFileReference; lastKnownFileType = sourcecode.swift; path = WeatherDetailViewModel.swift; sourceTree = "<group>"; };
		D925B0A2261B452C00205E0D /* WeatherService.swift */ = {isa = PBXFileReference; lastKnownFileType = sourcecode.swift; path = WeatherService.swift; sourceTree = "<group>"; };
/* End PBXFileReference section */

/* Begin PBXFrameworksBuildPhase section */
		D925B054261AE6DD00205E0D /* Frameworks */ = {
			isa = PBXFrameworksBuildPhase;
			buildActionMask = 2147483647;
			files = (
				C6CE47D6EE3F54C7F690C331 /* Pods_Anytime_Weather.framework in Frameworks */,
			);
			runOnlyForDeploymentPostprocessing = 0;
		};
/* End PBXFrameworksBuildPhase section */

/* Begin PBXGroup section */
		26A0F199AC24B201D801F784 /* Pods */ = {
			isa = PBXGroup;
			children = (
				50119A3A4470A1E94D749066 /* Pods-Anytime Weather.debug.xcconfig */,
				A653CE187F2B5113F064E2A9 /* Pods-Anytime Weather.release.xcconfig */,
			);
			path = Pods;
			sourceTree = "<group>";
		};
		CB237EB5CADC114477BE2D12 /* Frameworks */ = {
			isa = PBXGroup;
			children = (
				5AE0276FA12784436BD3011D /* Pods_Anytime_Weather.framework */,
			);
			name = Frameworks;
			sourceTree = "<group>";
		};
		D925B04E261AE6DD00205E0D = {
			isa = PBXGroup;
			children = (
				D925B059261AE6DD00205E0D /* Anytime Weather */,
				D925B058261AE6DD00205E0D /* Products */,
				26A0F199AC24B201D801F784 /* Pods */,
				CB237EB5CADC114477BE2D12 /* Frameworks */,
			);
			sourceTree = "<group>";
		};
		D925B058261AE6DD00205E0D /* Products */ = {
			isa = PBXGroup;
			children = (
				D925B057261AE6DD00205E0D /* Anytime Weather.app */,
			);
			name = Products;
			sourceTree = "<group>";
		};
		D925B059261AE6DD00205E0D /* Anytime Weather */ = {
			isa = PBXGroup;
			children = (
				D925B091261B100100205E0D /* Extensions */,
				D925B06B261AEFB600205E0D /* Screens */,
				D925B05A261AE6DD00205E0D /* Anytime_WeatherApp.swift */,
				D925B05E261AE6E200205E0D /* Assets.xcassets */,
				D925B063261AE6E200205E0D /* Info.plist */,
				D925B060261AE6E200205E0D /* Preview Content */,
			);
			path = "Anytime Weather";
			sourceTree = "<group>";
		};
		D925B060261AE6E200205E0D /* Preview Content */ = {
			isa = PBXGroup;
			children = (
				D925B061261AE6E200205E0D /* Preview Assets.xcassets */,
			);
			path = "Preview Content";
			sourceTree = "<group>";
		};
		D925B06B261AEFB600205E0D /* Screens */ = {
			isa = PBXGroup;
			children = (
				D925B098261B41E800205E0D /* Weather Detail */,
				D925B097261B41DC00205E0D /* Search */,
			);
			path = Screens;
			sourceTree = "<group>";
		};
		D925B091261B100100205E0D /* Extensions */ = {
			isa = PBXGroup;
			children = (
				D925B092261B100F00205E0D /* Color.swift */,
			);
			path = Extensions;
			sourceTree = "<group>";
		};
		D925B097261B41DC00205E0D /* Search */ = {
			isa = PBXGroup;
			children = (
				D925B05C261AE6DD00205E0D /* ContentView.swift */,
			);
			path = Search;
			sourceTree = "<group>";
		};
		D925B098261B41E800205E0D /* Weather Detail */ = {
			isa = PBXGroup;
			children = (
				D925B06C261AEFCE00205E0D /* WeatherDetailView.swift */,
				D925B099261B41FE00205E0D /* WeatherDetailViewModel.swift */,
				D925B0A2261B452C00205E0D /* WeatherService.swift */,
			);
			path = "Weather Detail";
			sourceTree = "<group>";
		};
/* End PBXGroup section */

/* Begin PBXNativeTarget section */
		D925B056261AE6DD00205E0D /* Anytime Weather */ = {
			isa = PBXNativeTarget;
			buildConfigurationList = D925B066261AE6E200205E0D /* Build configuration list for PBXNativeTarget "Anytime Weather" */;
			buildPhases = (
				BE0C4BC752E26863FD88B1EC /* [CP] Check Pods Manifest.lock */,
				D925B053261AE6DD00205E0D /* Sources */,
				D925B054261AE6DD00205E0D /* Frameworks */,
				D925B055261AE6DD00205E0D /* Resources */,
				163D8C1450B097C8C00F5FCF /* [CP] Embed Pods Frameworks */,
			);
			buildRules = (
			);
			dependencies = (
			);
			name = "Anytime Weather";
			productName = "Anytime Weather";
			productReference = D925B057261AE6DD00205E0D /* Anytime Weather.app */;
			productType = "com.apple.product-type.application";
		};
/* End PBXNativeTarget section */

/* Begin PBXProject section */
		D925B04F261AE6DD00205E0D /* Project object */ = {
			isa = PBXProject;
			attributes = {
				LastSwiftUpdateCheck = 1200;
				LastUpgradeCheck = 1200;
				TargetAttributes = {
					D925B056261AE6DD00205E0D = {
						CreatedOnToolsVersion = 12.0.1;
					};
				};
			};
			buildConfigurationList = D925B052261AE6DD00205E0D /* Build configuration list for PBXProject "Anytime Weather" */;
			compatibilityVersion = "Xcode 9.3";
			developmentRegion = en;
			hasScannedForEncodings = 0;
			knownRegions = (
				en,
				Base,
			);
			mainGroup = D925B04E261AE6DD00205E0D;
			productRefGroup = D925B058261AE6DD00205E0D /* Products */;
			projectDirPath = "";
			projectRoot = "";
			targets = (
				D925B056261AE6DD00205E0D /* Anytime Weather */,
			);
		};
/* End PBXProject section */

/* Begin PBXResourcesBuildPhase section */
		D925B055261AE6DD00205E0D /* Resources */ = {
			isa = PBXResourcesBuildPhase;
			buildActionMask = 2147483647;
			files = (
				D925B062261AE6E200205E0D /* Preview Assets.xcassets in Resources */,
				D925B05F261AE6E200205E0D /* Assets.xcassets in Resources */,
			);
			runOnlyForDeploymentPostprocessing = 0;
		};
/* End PBXResourcesBuildPhase section */

/* Begin PBXShellScriptBuildPhase section */
		163D8C1450B097C8C00F5FCF /* [CP] Embed Pods Frameworks */ = {
			isa = PBXShellScriptBuildPhase;
			buildActionMask = 2147483647;
			files = (
			);
			inputFileListPaths = (
				"${PODS_ROOT}/Target Support Files/Pods-Anytime Weather/Pods-Anytime Weather-frameworks-${CONFIGURATION}-input-files.xcfilelist",
			);
			name = "[CP] Embed Pods Frameworks";
			outputFileListPaths = (
				"${PODS_ROOT}/Target Support Files/Pods-Anytime Weather/Pods-Anytime Weather-frameworks-${CONFIGURATION}-output-files.xcfilelist",
			);
			runOnlyForDeploymentPostprocessing = 0;
			shellPath = /bin/sh;
			shellScript = "\"${PODS_ROOT}/Target Support Files/Pods-Anytime Weather/Pods-Anytime Weather-frameworks.sh\"\n";
			showEnvVarsInLog = 0;
		};
		BE0C4BC752E26863FD88B1EC /* [CP] Check Pods Manifest.lock */ = {
			isa = PBXShellScriptBuildPhase;
			buildActionMask = 2147483647;
			files = (
			);
			inputFileListPaths = (
			);
			inputPaths = (
				"${PODS_PODFILE_DIR_PATH}/Podfile.lock",
				"${PODS_ROOT}/Manifest.lock",
			);
			name = "[CP] Check Pods Manifest.lock";
			outputFileListPaths = (
			);
			outputPaths = (
				"$(DERIVED_FILE_DIR)/Pods-Anytime Weather-checkManifestLockResult.txt",
			);
			runOnlyForDeploymentPostprocessing = 0;
			shellPath = /bin/sh;
			shellScript = "diff \"${PODS_PODFILE_DIR_PATH}/Podfile.lock\" \"${PODS_ROOT}/Manifest.lock\" > /dev/null\nif [ $? != 0 ] ; then\n    # print error to STDERR\n    echo \"error: The sandbox is not in sync with the Podfile.lock. Run 'pod install' or update your CocoaPods installation.\" >&2\n    exit 1\nfi\n# This output is used by Xcode 'outputs' to avoid re-running this script phase.\necho \"SUCCESS\" > \"${SCRIPT_OUTPUT_FILE_0}\"\n";
			showEnvVarsInLog = 0;
		};
/* End PBXShellScriptBuildPhase section */

/* Begin PBXSourcesBuildPhase section */
		D925B053261AE6DD00205E0D /* Sources */ = {
			isa = PBXSourcesBuildPhase;
			buildActionMask = 2147483647;
			files = (
				D925B06D261AEFCE00205E0D /* WeatherDetailView.swift in Sources */,
				D925B09A261B41FE00205E0D /* WeatherDetailViewModel.swift in Sources */,
				D925B093261B100F00205E0D /* Color.swift in Sources */,
				D925B05D261AE6DD00205E0D /* ContentView.swift in Sources */,
				D925B0A3261B452C00205E0D /* WeatherService.swift in Sources */,
				D925B05B261AE6DD00205E0D /* Anytime_WeatherApp.swift in Sources */,
			);
			runOnlyForDeploymentPostprocessing = 0;
		};
/* End PBXSourcesBuildPhase section */

/* Begin XCBuildConfiguration section */
		D925B064261AE6E200205E0D /* Debug */ = {
			isa = XCBuildConfiguration;
			buildSettings = {
				ALWAYS_SEARCH_USER_PATHS = NO;
				CLANG_ANALYZER_NONNULL = YES;
				CLANG_ANALYZER_NUMBER_OBJECT_CONVERSION = YES_AGGRESSIVE;
				CLANG_CXX_LANGUAGE_STANDARD = "gnu++14";
				CLANG_CXX_LIBRARY = "libc++";
				CLANG_ENABLE_MODULES = YES;
				CLANG_ENABLE_OBJC_ARC = YES;
				CLANG_ENABLE_OBJC_WEAK = YES;
				CLANG_WARN_BLOCK_CAPTURE_AUTORELEASING = YES;
				CLANG_WARN_BOOL_CONVERSION = YES;
				CLANG_WARN_COMMA = YES;
				CLANG_WARN_CONSTANT_CONVERSION = YES;
				CLANG_WARN_DEPRECATED_OBJC_IMPLEMENTATIONS = YES;
				CLANG_WARN_DIRECT_OBJC_ISA_USAGE = YES_ERROR;
				CLANG_WARN_DOCUMENTATION_COMMENTS = YES;
				CLANG_WARN_EMPTY_BODY = YES;
				CLANG_WARN_ENUM_CONVERSION = YES;
				CLANG_WARN_INFINITE_RECURSION = YES;
				CLANG_WARN_INT_CONVERSION = YES;
				CLANG_WARN_NON_LITERAL_NULL_CONVERSION = YES;
				CLANG_WARN_OBJC_IMPLICIT_RETAIN_SELF = YES;
				CLANG_WARN_OBJC_LITERAL_CONVERSION = YES;
				CLANG_WARN_OBJC_ROOT_CLASS = YES_ERROR;
				CLANG_WARN_QUOTED_INCLUDE_IN_FRAMEWORK_HEADER = YES;
				CLANG_WARN_RANGE_LOOP_ANALYSIS = YES;
				CLANG_WARN_STRICT_PROTOTYPES = YES;
				CLANG_WARN_SUSPICIOUS_MOVE = YES;
				CLANG_WARN_UNGUARDED_AVAILABILITY = YES_AGGRESSIVE;
				CLANG_WARN_UNREACHABLE_CODE = YES;
				CLANG_WARN__DUPLICATE_METHOD_MATCH = YES;
				COPY_PHASE_STRIP = NO;
				DEBUG_INFORMATION_FORMAT = dwarf;
				ENABLE_STRICT_OBJC_MSGSEND = YES;
				ENABLE_TESTABILITY = YES;
				GCC_C_LANGUAGE_STANDARD = gnu11;
				GCC_DYNAMIC_NO_PIC = NO;
				GCC_NO_COMMON_BLOCKS = YES;
				GCC_OPTIMIZATION_LEVEL = 0;
				GCC_PREPROCESSOR_DEFINITIONS = (
					"DEBUG=1",
					"$(inherited)",
				);
				GCC_WARN_64_TO_32_BIT_CONVERSION = YES;
				GCC_WARN_ABOUT_RETURN_TYPE = YES_ERROR;
				GCC_WARN_UNDECLARED_SELECTOR = YES;
				GCC_WARN_UNINITIALIZED_AUTOS = YES_AGGRESSIVE;
				GCC_WARN_UNUSED_FUNCTION = YES;
				GCC_WARN_UNUSED_VARIABLE = YES;
				IPHONEOS_DEPLOYMENT_TARGET = 14.0;
				MTL_ENABLE_DEBUG_INFO = INCLUDE_SOURCE;
				MTL_FAST_MATH = YES;
				ONLY_ACTIVE_ARCH = YES;
				SDKROOT = iphoneos;
				SWIFT_ACTIVE_COMPILATION_CONDITIONS = DEBUG;
				SWIFT_OPTIMIZATION_LEVEL = "-Onone";
			};
			name = Debug;
		};
		D925B065261AE6E200205E0D /* Release */ = {
			isa = XCBuildConfiguration;
			buildSettings = {
				ALWAYS_SEARCH_USER_PATHS = NO;
				CLANG_ANALYZER_NONNULL = YES;
				CLANG_ANALYZER_NUMBER_OBJECT_CONVERSION = YES_AGGRESSIVE;
				CLANG_CXX_LANGUAGE_STANDARD = "gnu++14";
				CLANG_CXX_LIBRARY = "libc++";
				CLANG_ENABLE_MODULES = YES;
				CLANG_ENABLE_OBJC_ARC = YES;
				CLANG_ENABLE_OBJC_WEAK = YES;
				CLANG_WARN_BLOCK_CAPTURE_AUTORELEASING = YES;
				CLANG_WARN_BOOL_CONVERSION = YES;
				CLANG_WARN_COMMA = YES;
				CLANG_WARN_CONSTANT_CONVERSION = YES;
				CLANG_WARN_DEPRECATED_OBJC_IMPLEMENTATIONS = YES;
				CLANG_WARN_DIRECT_OBJC_ISA_USAGE = YES_ERROR;
				CLANG_WARN_DOCUMENTATION_COMMENTS = YES;
				CLANG_WARN_EMPTY_BODY = YES;
				CLANG_WARN_ENUM_CONVERSION = YES;
				CLANG_WARN_INFINITE_RECURSION = YES;
				CLANG_WARN_INT_CONVERSION = YES;
				CLANG_WARN_NON_LITERAL_NULL_CONVERSION = YES;
				CLANG_WARN_OBJC_IMPLICIT_RETAIN_SELF = YES;
				CLANG_WARN_OBJC_LITERAL_CONVERSION = YES;
				CLANG_WARN_OBJC_ROOT_CLASS = YES_ERROR;
				CLANG_WARN_QUOTED_INCLUDE_IN_FRAMEWORK_HEADER = YES;
				CLANG_WARN_RANGE_LOOP_ANALYSIS = YES;
				CLANG_WARN_STRICT_PROTOTYPES = YES;
				CLANG_WARN_SUSPICIOUS_MOVE = YES;
				CLANG_WARN_UNGUARDED_AVAILABILITY = YES_AGGRESSIVE;
				CLANG_WARN_UNREACHABLE_CODE = YES;
				CLANG_WARN__DUPLICATE_METHOD_MATCH = YES;
				COPY_PHASE_STRIP = NO;
				DEBUG_INFORMATION_FORMAT = "dwarf-with-dsym";
				ENABLE_NS_ASSERTIONS = NO;
				ENABLE_STRICT_OBJC_MSGSEND = YES;
				GCC_C_LANGUAGE_STANDARD = gnu11;
				GCC_NO_COMMON_BLOCKS = YES;
				GCC_WARN_64_TO_32_BIT_CONVERSION = YES;
				GCC_WARN_ABOUT_RETURN_TYPE = YES_ERROR;
				GCC_WARN_UNDECLARED_SELECTOR = YES;
				GCC_WARN_UNINITIALIZED_AUTOS = YES_AGGRESSIVE;
				GCC_WARN_UNUSED_FUNCTION = YES;
				GCC_WARN_UNUSED_VARIABLE = YES;
				IPHONEOS_DEPLOYMENT_TARGET = 14.0;
				MTL_ENABLE_DEBUG_INFO = NO;
				MTL_FAST_MATH = YES;
				SDKROOT = iphoneos;
				SWIFT_COMPILATION_MODE = wholemodule;
				SWIFT_OPTIMIZATION_LEVEL = "-O";
				VALIDATE_PRODUCT = YES;
			};
			name = Release;
		};
		D925B067261AE6E200205E0D /* Debug */ = {
			isa = XCBuildConfiguration;
			baseConfigurationReference = 50119A3A4470A1E94D749066 /* Pods-Anytime Weather.debug.xcconfig */;
			buildSettings = {
				ASSETCATALOG_COMPILER_APPICON_NAME = AppIcon;
				ASSETCATALOG_COMPILER_GLOBAL_ACCENT_COLOR_NAME = AccentColor;
				CODE_SIGN_STYLE = Automatic;
				DEVELOPMENT_ASSET_PATHS = "\"Anytime Weather/Preview Content\"";
				DEVELOPMENT_TEAM = S49G677PMU;
				ENABLE_PREVIEWS = YES;
				INFOPLIST_FILE = "Anytime Weather/Info.plist";
				IPHONEOS_DEPLOYMENT_TARGET = 14.0;
				LD_RUNPATH_SEARCH_PATHS = (
					"$(inherited)",
					"@executable_path/Frameworks",
				);
				PRODUCT_BUNDLE_IDENTIFIER = "com.aulmajid.Anytime-Weather";
				PRODUCT_NAME = "$(TARGET_NAME)";
				SWIFT_VERSION = 5.0;
				TARGETED_DEVICE_FAMILY = "1,2";
			};
			name = Debug;
		};
		D925B068261AE6E200205E0D /* Release */ = {
			isa = XCBuildConfiguration;
			baseConfigurationReference = A653CE187F2B5113F064E2A9 /* Pods-Anytime Weather.release.xcconfig */;
			buildSettings = {
				ASSETCATALOG_COMPILER_APPICON_NAME = AppIcon;
				ASSETCATALOG_COMPILER_GLOBAL_ACCENT_COLOR_NAME = AccentColor;
				CODE_SIGN_STYLE = Automatic;
				DEVELOPMENT_ASSET_PATHS = "\"Anytime Weather/Preview Content\"";
				DEVELOPMENT_TEAM = S49G677PMU;
				ENABLE_PREVIEWS = YES;
				INFOPLIST_FILE = "Anytime Weather/Info.plist";
				IPHONEOS_DEPLOYMENT_TARGET = 14.0;
				LD_RUNPATH_SEARCH_PATHS = (
					"$(inherited)",
					"@executable_path/Frameworks",
				);
				PRODUCT_BUNDLE_IDENTIFIER = "com.aulmajid.Anytime-Weather";
				PRODUCT_NAME = "$(TARGET_NAME)";
				SWIFT_VERSION = 5.0;
				TARGETED_DEVICE_FAMILY = "1,2";
			};
			name = Release;
		};
/* End XCBuildConfiguration section */

/* Begin XCConfigurationList section */
		D925B052261AE6DD00205E0D /* Build configuration list for PBXProject "Anytime Weather" */ = {
			isa = XCConfigurationList;
			buildConfigurations = (
				D925B064261AE6E200205E0D /* Debug */,
				D925B065261AE6E200205E0D /* Release */,
			);
			defaultConfigurationIsVisible = 0;
			defaultConfigurationName = Release;
		};
		D925B066261AE6E200205E0D /* Build configuration list for PBXNativeTarget "Anytime Weather" */ = {
			isa = XCConfigurationList;
			buildConfigurations = (
				D925B067261AE6E200205E0D /* Debug */,
				D925B068261AE6E200205E0D /* Release */,
			);
			defaultConfigurationIsVisible = 0;
			defaultConfigurationName = Release;
		};
/* End XCConfigurationList section */
	};
	rootObject = D925B04F261AE6DD00205E0D /* Project object */;
}
